// !$*UTF8*$!
{
	archiveVersion = 1;
	classes = {
	};
	objectVersion = 50;
	objects = {

/* Begin PBXBuildFile section */
		42CF0DA272F1E2FE492A6385 /* Pods_navusLoginTests.framework in Frameworks */ = {isa = PBXBuildFile; fileRef = E768777E985B17B5FD65E99A /* Pods_navusLoginTests.framework */; };
		7C266F352445C426009174C8 /* LoginViewController.storyboard in Resources */ = {isa = PBXBuildFile; fileRef = 7C266F342445C426009174C8 /* LoginViewController.storyboard */; };
		7C2A914C2442023A00991AC7 /* RemoteUserSession.swift in Sources */ = {isa = PBXBuildFile; fileRef = 7C2A914B2442023A00991AC7 /* RemoteUserSession.swift */; };
		7C2A914E24420A3F00991AC7 /* IRemoteUserSession.swift in Sources */ = {isa = PBXBuildFile; fileRef = 7C2A914D24420A3F00991AC7 /* IRemoteUserSession.swift */; };
		7C2A915124420FDB00991AC7 /* RemoteUserSessionMock.swift in Sources */ = {isa = PBXBuildFile; fileRef = 7C2A915024420FDB00991AC7 /* RemoteUserSessionMock.swift */; };
		7C2A91542442103D00991AC7 /* LoginRemoteApi.swift in Sources */ = {isa = PBXBuildFile; fileRef = 7C2A91532442103D00991AC7 /* LoginRemoteApi.swift */; };
		7C2A91562442105700991AC7 /* ILoginRemoteApi.swift in Sources */ = {isa = PBXBuildFile; fileRef = 7C2A91552442105600991AC7 /* ILoginRemoteApi.swift */; };
		7C411A4A24421462009EC1D5 /* LoginRemoteApiErrorMock.swift in Sources */ = {isa = PBXBuildFile; fileRef = 7C411A4924421462009EC1D5 /* LoginRemoteApiErrorMock.swift */; };
		7C411A4C24421470009EC1D5 /* LoginRemoteApiSuccessMock.swift in Sources */ = {isa = PBXBuildFile; fileRef = 7C411A4B24421470009EC1D5 /* LoginRemoteApiSuccessMock.swift */; };
		7C411A4E244215C7009EC1D5 /* LoginRemoteSignalFactoryTest.swift in Sources */ = {isa = PBXBuildFile; fileRef = 7C411A4D244215C7009EC1D5 /* LoginRemoteSignalFactoryTest.swift */; };
		7C539F2D2441D9EC0096DF3F /* EmptyUserInputMock.swift in Sources */ = {isa = PBXBuildFile; fileRef = 7C539F2C2441D9EC0096DF3F /* EmptyUserInputMock.swift */; };
		7C539F2F2441DE620096DF3F /* LoginRemoteSignalFactory.swift in Sources */ = {isa = PBXBuildFile; fileRef = 7C539F2E2441DE620096DF3F /* LoginRemoteSignalFactory.swift */; };
		7C5B3C83244476970078111E /* IFieldValidator.swift in Sources */ = {isa = PBXBuildFile; fileRef = 7C5B3C82244476960078111E /* IFieldValidator.swift */; };
		7C5B3C85244476BB0078111E /* EmailFieldValidator.swift in Sources */ = {isa = PBXBuildFile; fileRef = 7C5B3C84244476BB0078111E /* EmailFieldValidator.swift */; };
		7C5B3C87244476CB0078111E /* PassFieldValidator.swift in Sources */ = {isa = PBXBuildFile; fileRef = 7C5B3C86244476CB0078111E /* PassFieldValidator.swift */; };
		7C5B3C8A244477050078111E /* LoginValidatorFactory.swift in Sources */ = {isa = PBXBuildFile; fileRef = 7C5B3C89244477050078111E /* LoginValidatorFactory.swift */; };
		7C5B3C8D2444777A0078111E /* LoginValidationTest.swift in Sources */ = {isa = PBXBuildFile; fileRef = 7C5B3C8C2444777A0078111E /* LoginValidationTest.swift */; };
		7C5B3C90244478070078111E /* EmailValidatorMock.swift in Sources */ = {isa = PBXBuildFile; fileRef = 7C5B3C8F244478070078111E /* EmailValidatorMock.swift */; };
		7C5B3C92244478D30078111E /* PasswordValidatorMock.swift in Sources */ = {isa = PBXBuildFile; fileRef = 7C5B3C91244478D30078111E /* PasswordValidatorMock.swift */; };
		7C5B3C9524448DA40078111E /* EmailFieldValidatorTest.swift in Sources */ = {isa = PBXBuildFile; fileRef = 7C5B3C9424448DA40078111E /* EmailFieldValidatorTest.swift */; };
		7C5B3C9724448F710078111E /* PasswordFieldValidationTest.swift in Sources */ = {isa = PBXBuildFile; fileRef = 7C5B3C9624448F710078111E /* PasswordFieldValidationTest.swift */; };
		7C5B3C9A2444A9260078111E /* UIViewController+Extension.swift in Sources */ = {isa = PBXBuildFile; fileRef = 7C5B3C992444A9260078111E /* UIViewController+Extension.swift */; };
		7C5B3C9D2444AEF40078111E /* IDisplayAlertForError.swift in Sources */ = {isa = PBXBuildFile; fileRef = 7C5B3C9C2444AEF40078111E /* IDisplayAlertForError.swift */; };
		7C5B3C9F2444AF070078111E /* DisplayAlertForError.swift in Sources */ = {isa = PBXBuildFile; fileRef = 7C5B3C9E2444AF070078111E /* DisplayAlertForError.swift */; };
		7C5B3CA12444B42B0078111E /* AlertInfoFactory.swift in Sources */ = {isa = PBXBuildFile; fileRef = 7C5B3CA02444B42B0078111E /* AlertInfoFactory.swift */; };
		7C5B3CA32444B44B0078111E /* ErrorAlertControllerFactory.swift in Sources */ = {isa = PBXBuildFile; fileRef = 7C5B3CA22444B44B0078111E /* ErrorAlertControllerFactory.swift */; };
		7C5B3CA62444B4B10078111E /* ErrorAlertInfoDictionaryFactory.swift in Sources */ = {isa = PBXBuildFile; fileRef = 7C5B3CA52444B4B10078111E /* ErrorAlertInfoDictionaryFactory.swift */; };
		7C5B3CA82444B4E90078111E /* MyError.swift in Sources */ = {isa = PBXBuildFile; fileRef = 7C5B3CA72444B4E90078111E /* MyError.swift */; };
		7C5B3CAB2444B52A0078111E /* AlertInfo.swift in Sources */ = {isa = PBXBuildFile; fileRef = 7C5B3CAA2444B52A0078111E /* AlertInfo.swift */; };
		7C5B3CAE2444BB850078111E /* GlobalFuncs.swift in Sources */ = {isa = PBXBuildFile; fileRef = 7C5B3CAD2444BB850078111E /* GlobalFuncs.swift */; };
		7C5B3CB12444BE810078111E /* Localizable.strings in Resources */ = {isa = PBXBuildFile; fileRef = 7C5B3CB02444BE810078111E /* Localizable.strings */; };
		7C5CA91A2440A6C600C4EF3F /* AppDelegate.swift in Sources */ = {isa = PBXBuildFile; fileRef = 7C5CA9192440A6C600C4EF3F /* AppDelegate.swift */; };
		7C5CA91E2440A6C600C4EF3F /* LoginViewController.swift in Sources */ = {isa = PBXBuildFile; fileRef = 7C5CA91D2440A6C600C4EF3F /* LoginViewController.swift */; };
		7C5CA9212440A6C600C4EF3F /* Main.storyboard in Resources */ = {isa = PBXBuildFile; fileRef = 7C5CA91F2440A6C600C4EF3F /* Main.storyboard */; };
		7C5CA9232440A6C900C4EF3F /* Assets.xcassets in Resources */ = {isa = PBXBuildFile; fileRef = 7C5CA9222440A6C900C4EF3F /* Assets.xcassets */; };
		7C5CA9262440A6C900C4EF3F /* LaunchScreen.storyboard in Resources */ = {isa = PBXBuildFile; fileRef = 7C5CA9242440A6C900C4EF3F /* LaunchScreen.storyboard */; };
		7C5CA9312440A6CA00C4EF3F /* navusLoginTests.swift in Sources */ = {isa = PBXBuildFile; fileRef = 7C5CA9302440A6CA00C4EF3F /* navusLoginTests.swift */; };
		7C5CA93C2440A6CA00C4EF3F /* navusLoginUITests.swift in Sources */ = {isa = PBXBuildFile; fileRef = 7C5CA93B2440A6CA00C4EF3F /* navusLoginUITests.swift */; };
		7C5CA94D2440AAA400C4EF3F /* LoginViewControllerFactory.swift in Sources */ = {isa = PBXBuildFile; fileRef = 7C5CA94C2440AAA400C4EF3F /* LoginViewControllerFactory.swift */; };
		7C5CA9502440AAFD00C4EF3F /* Storyboarded.swift in Sources */ = {isa = PBXBuildFile; fileRef = 7C5CA94F2440AAFD00C4EF3F /* Storyboarded.swift */; };
		7C5CA9552440B46400C4EF3F /* ILoginViewModel.swift in Sources */ = {isa = PBXBuildFile; fileRef = 7C5CA9542440B46400C4EF3F /* ILoginViewModel.swift */; };
		7C5CA9572440B49200C4EF3F /* LoginViewModel.swift in Sources */ = {isa = PBXBuildFile; fileRef = 7C5CA9562440B49200C4EF3F /* LoginViewModel.swift */; };
		7C5CA95A2440B71E00C4EF3F /* ViewModelType.swift in Sources */ = {isa = PBXBuildFile; fileRef = 7C5CA9592440B71E00C4EF3F /* ViewModelType.swift */; };
		7C5CA95C2440B91800C4EF3F /* LoginViewModel+Input+Output.swift in Sources */ = {isa = PBXBuildFile; fileRef = 7C5CA95B2440B91800C4EF3F /* LoginViewModel+Input+Output.swift */; };
		7C5DCF0D244228FE00334169 /* LoginViewModelTest.swift in Sources */ = {isa = PBXBuildFile; fileRef = 7C5DCF0C244228FE00334169 /* LoginViewModelTest.swift */; };
		7C60C77B2441BA3A00F787D4 /* LoginValidationSignalFactory.swift in Sources */ = {isa = PBXBuildFile; fileRef = 7C60C77A2441BA3A00F787D4 /* LoginValidationSignalFactory.swift */; };
		7C60C77E2441BA6E00F787D4 /* LoginProcessSignalFactoryTest.swift in Sources */ = {isa = PBXBuildFile; fileRef = 7C60C77D2441BA6E00F787D4 /* LoginProcessSignalFactoryTest.swift */; };
		7C7DC67B2440DF3700479A95 /* LoginValidator.swift in Sources */ = {isa = PBXBuildFile; fileRef = 7C7DC67A2440DF3700479A95 /* LoginValidator.swift */; };
		7C7DC67F2440DF7C00479A95 /* AcceptLoginValidatorMock.swift in Sources */ = {isa = PBXBuildFile; fileRef = 7C7DC67E2440DF7C00479A95 /* AcceptLoginValidatorMock.swift */; };
		7C7DC6812440DFAB00479A95 /* RejectLoginValidatorMock.swift in Sources */ = {isa = PBXBuildFile; fileRef = 7C7DC6802440DFAB00479A95 /* RejectLoginValidatorMock.swift */; };
		7C7DC6882440E04300479A95 /* ILoginCredentials.swift in Sources */ = {isa = PBXBuildFile; fileRef = 7C7DC6872440E04300479A95 /* ILoginCredentials.swift */; };
		7C7DC68A2440E05400479A95 /* LoginCredentials.swift in Sources */ = {isa = PBXBuildFile; fileRef = 7C7DC6892440E05400479A95 /* LoginCredentials.swift */; };
		7C7DC68D2440E42400479A95 /* ValidationEnum.swift in Sources */ = {isa = PBXBuildFile; fileRef = 7C7DC68C2440E42400479A95 /* ValidationEnum.swift */; };
		7C7DC68F2440E44D00479A95 /* LoginError.swift in Sources */ = {isa = PBXBuildFile; fileRef = 7C7DC68E2440E44D00479A95 /* LoginError.swift */; };
		7C7DC6912440E46C00479A95 /* LoginValidationError.swift in Sources */ = {isa = PBXBuildFile; fileRef = 7C7DC6902440E46C00479A95 /* LoginValidationError.swift */; };
		A7303C573D2C4EF39AA1A1A5 /* Pods_navusLoginUITests.framework in Frameworks */ = {isa = PBXBuildFile; fileRef = B9C6573BB76CBCB75DFA0F66 /* Pods_navusLoginUITests.framework */; };
		E0A47481641091C3F8E538D5 /* Pods_navusLogin.framework in Frameworks */ = {isa = PBXBuildFile; fileRef = B29CFA7079BAB4ABBE9621DC /* Pods_navusLogin.framework */; };
/* End PBXBuildFile section */

/* Begin PBXContainerItemProxy section */
		7C5CA92D2440A6CA00C4EF3F /* PBXContainerItemProxy */ = {
			isa = PBXContainerItemProxy;
			containerPortal = 7C5CA90E2440A6C600C4EF3F /* Project object */;
			proxyType = 1;
			remoteGlobalIDString = 7C5CA9152440A6C600C4EF3F;
			remoteInfo = navusLogin;
		};
		7C5CA9382440A6CA00C4EF3F /* PBXContainerItemProxy */ = {
			isa = PBXContainerItemProxy;
			containerPortal = 7C5CA90E2440A6C600C4EF3F /* Project object */;
			proxyType = 1;
			remoteGlobalIDString = 7C5CA9152440A6C600C4EF3F;
			remoteInfo = navusLogin;
		};
/* End PBXContainerItemProxy section */

/* Begin PBXFileReference section */
		3C512994089616A9A27E40BA /* Pods-navusLoginUITests.debug.xcconfig */ = {isa = PBXFileReference; includeInIndex = 1; lastKnownFileType = text.xcconfig; name = "Pods-navusLoginUITests.debug.xcconfig"; path = "Target Support Files/Pods-navusLoginUITests/Pods-navusLoginUITests.debug.xcconfig"; sourceTree = "<group>"; };
		6C54813BAF68980064F136B3 /* Pods-navusLogin.release.xcconfig */ = {isa = PBXFileReference; includeInIndex = 1; lastKnownFileType = text.xcconfig; name = "Pods-navusLogin.release.xcconfig"; path = "Target Support Files/Pods-navusLogin/Pods-navusLogin.release.xcconfig"; sourceTree = "<group>"; };
		7C266F342445C426009174C8 /* LoginViewController.storyboard */ = {isa = PBXFileReference; fileEncoding = 4; lastKnownFileType = file.storyboard; path = LoginViewController.storyboard; sourceTree = "<group>"; };
		7C2A914B2442023A00991AC7 /* RemoteUserSession.swift */ = {isa = PBXFileReference; lastKnownFileType = sourcecode.swift; path = RemoteUserSession.swift; sourceTree = "<group>"; };
		7C2A914D24420A3F00991AC7 /* IRemoteUserSession.swift */ = {isa = PBXFileReference; lastKnownFileType = sourcecode.swift; path = IRemoteUserSession.swift; sourceTree = "<group>"; };
		7C2A915024420FDB00991AC7 /* RemoteUserSessionMock.swift */ = {isa = PBXFileReference; lastKnownFileType = sourcecode.swift; path = RemoteUserSessionMock.swift; sourceTree = "<group>"; };
		7C2A91532442103D00991AC7 /* LoginRemoteApi.swift */ = {isa = PBXFileReference; lastKnownFileType = sourcecode.swift; path = LoginRemoteApi.swift; sourceTree = "<group>"; };
		7C2A91552442105600991AC7 /* ILoginRemoteApi.swift */ = {isa = PBXFileReference; lastKnownFileType = sourcecode.swift; path = ILoginRemoteApi.swift; sourceTree = "<group>"; };
		7C411A4924421462009EC1D5 /* LoginRemoteApiErrorMock.swift */ = {isa = PBXFileReference; lastKnownFileType = sourcecode.swift; path = LoginRemoteApiErrorMock.swift; sourceTree = "<group>"; };
		7C411A4B24421470009EC1D5 /* LoginRemoteApiSuccessMock.swift */ = {isa = PBXFileReference; lastKnownFileType = sourcecode.swift; path = LoginRemoteApiSuccessMock.swift; sourceTree = "<group>"; };
		7C411A4D244215C7009EC1D5 /* LoginRemoteSignalFactoryTest.swift */ = {isa = PBXFileReference; lastKnownFileType = sourcecode.swift; path = LoginRemoteSignalFactoryTest.swift; sourceTree = "<group>"; };
		7C539F2C2441D9EC0096DF3F /* EmptyUserInputMock.swift */ = {isa = PBXFileReference; lastKnownFileType = sourcecode.swift; path = EmptyUserInputMock.swift; sourceTree = "<group>"; };
		7C539F2E2441DE620096DF3F /* LoginRemoteSignalFactory.swift */ = {isa = PBXFileReference; lastKnownFileType = sourcecode.swift; path = LoginRemoteSignalFactory.swift; sourceTree = "<group>"; };
		7C5B3C82244476960078111E /* IFieldValidator.swift */ = {isa = PBXFileReference; lastKnownFileType = sourcecode.swift; path = IFieldValidator.swift; sourceTree = "<group>"; };
		7C5B3C84244476BB0078111E /* EmailFieldValidator.swift */ = {isa = PBXFileReference; lastKnownFileType = sourcecode.swift; path = EmailFieldValidator.swift; sourceTree = "<group>"; };
		7C5B3C86244476CB0078111E /* PassFieldValidator.swift */ = {isa = PBXFileReference; lastKnownFileType = sourcecode.swift; path = PassFieldValidator.swift; sourceTree = "<group>"; };
		7C5B3C89244477050078111E /* LoginValidatorFactory.swift */ = {isa = PBXFileReference; lastKnownFileType = sourcecode.swift; path = LoginValidatorFactory.swift; sourceTree = "<group>"; };
		7C5B3C8C2444777A0078111E /* LoginValidationTest.swift */ = {isa = PBXFileReference; lastKnownFileType = sourcecode.swift; path = LoginValidationTest.swift; sourceTree = "<group>"; };
		7C5B3C8F244478070078111E /* EmailValidatorMock.swift */ = {isa = PBXFileReference; lastKnownFileType = sourcecode.swift; path = EmailValidatorMock.swift; sourceTree = "<group>"; };
		7C5B3C91244478D30078111E /* PasswordValidatorMock.swift */ = {isa = PBXFileReference; lastKnownFileType = sourcecode.swift; path = PasswordValidatorMock.swift; sourceTree = "<group>"; };
		7C5B3C9424448DA40078111E /* EmailFieldValidatorTest.swift */ = {isa = PBXFileReference; lastKnownFileType = sourcecode.swift; path = EmailFieldValidatorTest.swift; sourceTree = "<group>"; };
		7C5B3C9624448F710078111E /* PasswordFieldValidationTest.swift */ = {isa = PBXFileReference; lastKnownFileType = sourcecode.swift; path = PasswordFieldValidationTest.swift; sourceTree = "<group>"; };
		7C5B3C992444A9260078111E /* UIViewController+Extension.swift */ = {isa = PBXFileReference; lastKnownFileType = sourcecode.swift; path = "UIViewController+Extension.swift"; sourceTree = "<group>"; };
		7C5B3C9C2444AEF40078111E /* IDisplayAlertForError.swift */ = {isa = PBXFileReference; lastKnownFileType = sourcecode.swift; path = IDisplayAlertForError.swift; sourceTree = "<group>"; };
		7C5B3C9E2444AF070078111E /* DisplayAlertForError.swift */ = {isa = PBXFileReference; lastKnownFileType = sourcecode.swift; path = DisplayAlertForError.swift; sourceTree = "<group>"; };
		7C5B3CA02444B42B0078111E /* AlertInfoFactory.swift */ = {isa = PBXFileReference; lastKnownFileType = sourcecode.swift; path = AlertInfoFactory.swift; sourceTree = "<group>"; };
		7C5B3CA22444B44B0078111E /* ErrorAlertControllerFactory.swift */ = {isa = PBXFileReference; lastKnownFileType = sourcecode.swift; path = ErrorAlertControllerFactory.swift; sourceTree = "<group>"; };
		7C5B3CA52444B4B10078111E /* ErrorAlertInfoDictionaryFactory.swift */ = {isa = PBXFileReference; lastKnownFileType = sourcecode.swift; path = ErrorAlertInfoDictionaryFactory.swift; sourceTree = "<group>"; };
		7C5B3CA72444B4E90078111E /* MyError.swift */ = {isa = PBXFileReference; lastKnownFileType = sourcecode.swift; path = MyError.swift; sourceTree = "<group>"; };
		7C5B3CAA2444B52A0078111E /* AlertInfo.swift */ = {isa = PBXFileReference; lastKnownFileType = sourcecode.swift; path = AlertInfo.swift; sourceTree = "<group>"; };
		7C5B3CAD2444BB850078111E /* GlobalFuncs.swift */ = {isa = PBXFileReference; lastKnownFileType = sourcecode.swift; path = GlobalFuncs.swift; sourceTree = "<group>"; };
		7C5B3CB02444BE810078111E /* Localizable.strings */ = {isa = PBXFileReference; lastKnownFileType = text.plist.strings; path = Localizable.strings; sourceTree = "<group>"; };
		7C5CA9162440A6C600C4EF3F /* navusLogin.app */ = {isa = PBXFileReference; explicitFileType = wrapper.application; includeInIndex = 0; path = navusLogin.app; sourceTree = BUILT_PRODUCTS_DIR; };
		7C5CA9192440A6C600C4EF3F /* AppDelegate.swift */ = {isa = PBXFileReference; lastKnownFileType = sourcecode.swift; path = AppDelegate.swift; sourceTree = "<group>"; };
		7C5CA91D2440A6C600C4EF3F /* LoginViewController.swift */ = {isa = PBXFileReference; lastKnownFileType = sourcecode.swift; path = LoginViewController.swift; sourceTree = "<group>"; };
		7C5CA9202440A6C600C4EF3F /* Base */ = {isa = PBXFileReference; lastKnownFileType = file.storyboard; name = Base; path = Base.lproj/Main.storyboard; sourceTree = "<group>"; };
		7C5CA9222440A6C900C4EF3F /* Assets.xcassets */ = {isa = PBXFileReference; lastKnownFileType = folder.assetcatalog; path = Assets.xcassets; sourceTree = "<group>"; };
		7C5CA9252440A6C900C4EF3F /* Base */ = {isa = PBXFileReference; lastKnownFileType = file.storyboard; name = Base; path = Base.lproj/LaunchScreen.storyboard; sourceTree = "<group>"; };
		7C5CA9272440A6C900C4EF3F /* Info.plist */ = {isa = PBXFileReference; lastKnownFileType = text.plist.xml; path = Info.plist; sourceTree = "<group>"; };
		7C5CA92C2440A6CA00C4EF3F /* navusLoginTests.xctest */ = {isa = PBXFileReference; explicitFileType = wrapper.cfbundle; includeInIndex = 0; path = navusLoginTests.xctest; sourceTree = BUILT_PRODUCTS_DIR; };
		7C5CA9302440A6CA00C4EF3F /* navusLoginTests.swift */ = {isa = PBXFileReference; lastKnownFileType = sourcecode.swift; path = navusLoginTests.swift; sourceTree = "<group>"; };
		7C5CA9322440A6CA00C4EF3F /* Info.plist */ = {isa = PBXFileReference; lastKnownFileType = text.plist.xml; path = Info.plist; sourceTree = "<group>"; };
		7C5CA9372440A6CA00C4EF3F /* navusLoginUITests.xctest */ = {isa = PBXFileReference; explicitFileType = wrapper.cfbundle; includeInIndex = 0; path = navusLoginUITests.xctest; sourceTree = BUILT_PRODUCTS_DIR; };
		7C5CA93B2440A6CA00C4EF3F /* navusLoginUITests.swift */ = {isa = PBXFileReference; lastKnownFileType = sourcecode.swift; path = navusLoginUITests.swift; sourceTree = "<group>"; };
		7C5CA93D2440A6CA00C4EF3F /* Info.plist */ = {isa = PBXFileReference; lastKnownFileType = text.plist.xml; path = Info.plist; sourceTree = "<group>"; };
		7C5CA94C2440AAA400C4EF3F /* LoginViewControllerFactory.swift */ = {isa = PBXFileReference; lastKnownFileType = sourcecode.swift; path = LoginViewControllerFactory.swift; sourceTree = "<group>"; };
		7C5CA94F2440AAFD00C4EF3F /* Storyboarded.swift */ = {isa = PBXFileReference; lastKnownFileType = sourcecode.swift; path = Storyboarded.swift; sourceTree = "<group>"; };
		7C5CA9542440B46400C4EF3F /* ILoginViewModel.swift */ = {isa = PBXFileReference; lastKnownFileType = sourcecode.swift; path = ILoginViewModel.swift; sourceTree = "<group>"; };
		7C5CA9562440B49200C4EF3F /* LoginViewModel.swift */ = {isa = PBXFileReference; lastKnownFileType = sourcecode.swift; path = LoginViewModel.swift; sourceTree = "<group>"; };
		7C5CA9592440B71E00C4EF3F /* ViewModelType.swift */ = {isa = PBXFileReference; lastKnownFileType = sourcecode.swift; path = ViewModelType.swift; sourceTree = "<group>"; };
		7C5CA95B2440B91800C4EF3F /* LoginViewModel+Input+Output.swift */ = {isa = PBXFileReference; lastKnownFileType = sourcecode.swift; path = "LoginViewModel+Input+Output.swift"; sourceTree = "<group>"; };
		7C5DCF0C244228FE00334169 /* LoginViewModelTest.swift */ = {isa = PBXFileReference; lastKnownFileType = sourcecode.swift; path = LoginViewModelTest.swift; sourceTree = "<group>"; };
		7C60C77A2441BA3A00F787D4 /* LoginValidationSignalFactory.swift */ = {isa = PBXFileReference; lastKnownFileType = sourcecode.swift; path = LoginValidationSignalFactory.swift; sourceTree = "<group>"; };
		7C60C77D2441BA6E00F787D4 /* LoginProcessSignalFactoryTest.swift */ = {isa = PBXFileReference; lastKnownFileType = sourcecode.swift; path = LoginProcessSignalFactoryTest.swift; sourceTree = "<group>"; };
		7C7DC67A2440DF3700479A95 /* LoginValidator.swift */ = {isa = PBXFileReference; lastKnownFileType = sourcecode.swift; path = LoginValidator.swift; sourceTree = "<group>"; };
		7C7DC67E2440DF7C00479A95 /* AcceptLoginValidatorMock.swift */ = {isa = PBXFileReference; lastKnownFileType = sourcecode.swift; path = AcceptLoginValidatorMock.swift; sourceTree = "<group>"; };
		7C7DC6802440DFAB00479A95 /* RejectLoginValidatorMock.swift */ = {isa = PBXFileReference; lastKnownFileType = sourcecode.swift; path = RejectLoginValidatorMock.swift; sourceTree = "<group>"; };
		7C7DC6872440E04300479A95 /* ILoginCredentials.swift */ = {isa = PBXFileReference; lastKnownFileType = sourcecode.swift; path = ILoginCredentials.swift; sourceTree = "<group>"; };
		7C7DC6892440E05400479A95 /* LoginCredentials.swift */ = {isa = PBXFileReference; lastKnownFileType = sourcecode.swift; path = LoginCredentials.swift; sourceTree = "<group>"; };
		7C7DC68C2440E42400479A95 /* ValidationEnum.swift */ = {isa = PBXFileReference; lastKnownFileType = sourcecode.swift; path = ValidationEnum.swift; sourceTree = "<group>"; };
		7C7DC68E2440E44D00479A95 /* LoginError.swift */ = {isa = PBXFileReference; lastKnownFileType = sourcecode.swift; path = LoginError.swift; sourceTree = "<group>"; };
		7C7DC6902440E46C00479A95 /* LoginValidationError.swift */ = {isa = PBXFileReference; lastKnownFileType = sourcecode.swift; path = LoginValidationError.swift; sourceTree = "<group>"; };
		7D46FB024EEC415CD0AC158E /* Pods-navusLogin.debug.xcconfig */ = {isa = PBXFileReference; includeInIndex = 1; lastKnownFileType = text.xcconfig; name = "Pods-navusLogin.debug.xcconfig"; path = "Target Support Files/Pods-navusLogin/Pods-navusLogin.debug.xcconfig"; sourceTree = "<group>"; };
		95B9F6EADE392F944D3A5A62 /* Pods-navusLoginTests.release.xcconfig */ = {isa = PBXFileReference; includeInIndex = 1; lastKnownFileType = text.xcconfig; name = "Pods-navusLoginTests.release.xcconfig"; path = "Target Support Files/Pods-navusLoginTests/Pods-navusLoginTests.release.xcconfig"; sourceTree = "<group>"; };
		B29CFA7079BAB4ABBE9621DC /* Pods_navusLogin.framework */ = {isa = PBXFileReference; explicitFileType = wrapper.framework; includeInIndex = 0; path = Pods_navusLogin.framework; sourceTree = BUILT_PRODUCTS_DIR; };
		B9C6573BB76CBCB75DFA0F66 /* Pods_navusLoginUITests.framework */ = {isa = PBXFileReference; explicitFileType = wrapper.framework; includeInIndex = 0; path = Pods_navusLoginUITests.framework; sourceTree = BUILT_PRODUCTS_DIR; };
		E17FA57A7594B50F7E5F6446 /* Pods-navusLoginTests.debug.xcconfig */ = {isa = PBXFileReference; includeInIndex = 1; lastKnownFileType = text.xcconfig; name = "Pods-navusLoginTests.debug.xcconfig"; path = "Target Support Files/Pods-navusLoginTests/Pods-navusLoginTests.debug.xcconfig"; sourceTree = "<group>"; };
		E768777E985B17B5FD65E99A /* Pods_navusLoginTests.framework */ = {isa = PBXFileReference; explicitFileType = wrapper.framework; includeInIndex = 0; path = Pods_navusLoginTests.framework; sourceTree = BUILT_PRODUCTS_DIR; };
		EE70DE51812B9D0BD441E7BB /* Pods-navusLoginUITests.release.xcconfig */ = {isa = PBXFileReference; includeInIndex = 1; lastKnownFileType = text.xcconfig; name = "Pods-navusLoginUITests.release.xcconfig"; path = "Target Support Files/Pods-navusLoginUITests/Pods-navusLoginUITests.release.xcconfig"; sourceTree = "<group>"; };
/* End PBXFileReference section */

/* Begin PBXFrameworksBuildPhase section */
		7C5CA9132440A6C600C4EF3F /* Frameworks */ = {
			isa = PBXFrameworksBuildPhase;
			buildActionMask = 2147483647;
			files = (
				E0A47481641091C3F8E538D5 /* Pods_navusLogin.framework in Frameworks */,
			);
			runOnlyForDeploymentPostprocessing = 0;
		};
		7C5CA9292440A6CA00C4EF3F /* Frameworks */ = {
			isa = PBXFrameworksBuildPhase;
			buildActionMask = 2147483647;
			files = (
				42CF0DA272F1E2FE492A6385 /* Pods_navusLoginTests.framework in Frameworks */,
			);
			runOnlyForDeploymentPostprocessing = 0;
		};
		7C5CA9342440A6CA00C4EF3F /* Frameworks */ = {
			isa = PBXFrameworksBuildPhase;
			buildActionMask = 2147483647;
			files = (
				A7303C573D2C4EF39AA1A1A5 /* Pods_navusLoginUITests.framework in Frameworks */,
			);
			runOnlyForDeploymentPostprocessing = 0;
		};
/* End PBXFrameworksBuildPhase section */

/* Begin PBXGroup section */
		45E38D27305A5A0698DEC025 /* Pods */ = {
			isa = PBXGroup;
			children = (
				7D46FB024EEC415CD0AC158E /* Pods-navusLogin.debug.xcconfig */,
				6C54813BAF68980064F136B3 /* Pods-navusLogin.release.xcconfig */,
				E17FA57A7594B50F7E5F6446 /* Pods-navusLoginTests.debug.xcconfig */,
				95B9F6EADE392F944D3A5A62 /* Pods-navusLoginTests.release.xcconfig */,
				3C512994089616A9A27E40BA /* Pods-navusLoginUITests.debug.xcconfig */,
				EE70DE51812B9D0BD441E7BB /* Pods-navusLoginUITests.release.xcconfig */,
			);
			path = Pods;
			sourceTree = "<group>";
		};
		7C2A914A2442023300991AC7 /* RemoteUserSession */ = {
			isa = PBXGroup;
			children = (
				7C2A914D24420A3F00991AC7 /* IRemoteUserSession.swift */,
				7C2A914B2442023A00991AC7 /* RemoteUserSession.swift */,
			);
			path = RemoteUserSession;
			sourceTree = "<group>";
		};
		7C2A914F24420FCA00991AC7 /* RemoteUserSession */ = {
			isa = PBXGroup;
			children = (
				7C2A915024420FDB00991AC7 /* RemoteUserSessionMock.swift */,
			);
			path = RemoteUserSession;
			sourceTree = "<group>";
		};
		7C2A91522442102A00991AC7 /* Network */ = {
			isa = PBXGroup;
			children = (
				7C2A91552442105600991AC7 /* ILoginRemoteApi.swift */,
				7C2A91532442103D00991AC7 /* LoginRemoteApi.swift */,
			);
			path = Network;
			sourceTree = "<group>";
		};
		7C411A4824421453009EC1D5 /* RemoteLoginApi */ = {
			isa = PBXGroup;
			children = (
				7C411A4924421462009EC1D5 /* LoginRemoteApiErrorMock.swift */,
				7C411A4B24421470009EC1D5 /* LoginRemoteApiSuccessMock.swift */,
			);
			path = RemoteLoginApi;
			sourceTree = "<group>";
		};
		7C539F2B2441D9D90096DF3F /* UserInput */ = {
			isa = PBXGroup;
			children = (
				7C539F2C2441D9EC0096DF3F /* EmptyUserInputMock.swift */,
			);
			path = UserInput;
			sourceTree = "<group>";
		};
		7C5B3C812444767D0078111E /* IFieldValidator */ = {
			isa = PBXGroup;
			children = (
				7C5B3C82244476960078111E /* IFieldValidator.swift */,
				7C5B3C84244476BB0078111E /* EmailFieldValidator.swift */,
				7C5B3C86244476CB0078111E /* PassFieldValidator.swift */,
			);
			path = IFieldValidator;
			sourceTree = "<group>";
		};
		7C5B3C88244476F70078111E /* LoginValidator */ = {
			isa = PBXGroup;
			children = (
				7C7DC67A2440DF3700479A95 /* LoginValidator.swift */,
				7C5B3C89244477050078111E /* LoginValidatorFactory.swift */,
			);
			path = LoginValidator;
			sourceTree = "<group>";
		};
		7C5B3C8B244477650078111E /* LoginValidation */ = {
			isa = PBXGroup;
			children = (
				7C5B3C9324448D920078111E /* FieldValidation */,
				7C5B3C8C2444777A0078111E /* LoginValidationTest.swift */,
			);
			path = LoginValidation;
			sourceTree = "<group>";
		};
		7C5B3C8E244477EC0078111E /* FieldValidator */ = {
			isa = PBXGroup;
			children = (
				7C5B3C8F244478070078111E /* EmailValidatorMock.swift */,
				7C5B3C91244478D30078111E /* PasswordValidatorMock.swift */,
			);
			path = FieldValidator;
			sourceTree = "<group>";
		};
		7C5B3C9324448D920078111E /* FieldValidation */ = {
			isa = PBXGroup;
			children = (
				7C5B3C9424448DA40078111E /* EmailFieldValidatorTest.swift */,
				7C5B3C9624448F710078111E /* PasswordFieldValidationTest.swift */,
			);
			path = FieldValidation;
			sourceTree = "<group>";
		};
		7C5B3C982444A9140078111E /* Extension */ = {
			isa = PBXGroup;
			children = (
				7C5B3C992444A9260078111E /* UIViewController+Extension.swift */,
			);
			path = Extension;
			sourceTree = "<group>";
		};
		7C5B3C9B2444AEE70078111E /* Alert */ = {
			isa = PBXGroup;
			children = (
				7C5B3C9C2444AEF40078111E /* IDisplayAlertForError.swift */,
				7C5B3C9E2444AF070078111E /* DisplayAlertForError.swift */,
				7C5B3CA22444B44B0078111E /* ErrorAlertControllerFactory.swift */,
				7C5B3CA02444B42B0078111E /* AlertInfoFactory.swift */,
			);
			path = Alert;
			sourceTree = "<group>";
		};
		7C5B3CA42444B4A00078111E /* Data */ = {
			isa = PBXGroup;
			children = (
				7C5B3CA52444B4B10078111E /* ErrorAlertInfoDictionaryFactory.swift */,
			);
			path = Data;
			sourceTree = "<group>";
		};
		7C5B3CA92444B51D0078111E /* AlertInfo */ = {
			isa = PBXGroup;
			children = (
				7C5B3CAA2444B52A0078111E /* AlertInfo.swift */,
			);
			path = AlertInfo;
			sourceTree = "<group>";
		};
		7C5B3CAC2444BB720078111E /* GlobalFuncs */ = {
			isa = PBXGroup;
			children = (
				7C5B3CAD2444BB850078111E /* GlobalFuncs.swift */,
			);
			path = GlobalFuncs;
			sourceTree = "<group>";
		};
		7C5B3CAF2444BE6C0078111E /* Localization */ = {
			isa = PBXGroup;
			children = (
				7C5B3CB02444BE810078111E /* Localizable.strings */,
			);
			path = Localization;
			sourceTree = "<group>";
		};
		7C5CA90D2440A6C600C4EF3F = {
			isa = PBXGroup;
			children = (
				7C5CA9182440A6C600C4EF3F /* navusLogin */,
				7C5CA92F2440A6CA00C4EF3F /* navusLoginTests */,
				7C5CA93A2440A6CA00C4EF3F /* navusLoginUITests */,
				7C5CA9172440A6C600C4EF3F /* Products */,
				45E38D27305A5A0698DEC025 /* Pods */,
				A45B54E816295014BCB5B1F2 /* Frameworks */,
			);
			sourceTree = "<group>";
		};
		7C5CA9172440A6C600C4EF3F /* Products */ = {
			isa = PBXGroup;
			children = (
				7C5CA9162440A6C600C4EF3F /* navusLogin.app */,
				7C5CA92C2440A6CA00C4EF3F /* navusLoginTests.xctest */,
				7C5CA9372440A6CA00C4EF3F /* navusLoginUITests.xctest */,
			);
			name = Products;
			sourceTree = "<group>";
		};
		7C5CA9182440A6C600C4EF3F /* navusLogin */ = {
			isa = PBXGroup;
			children = (
				7C5B3CAF2444BE6C0078111E /* Localization */,
				7C5B3CAC2444BB720078111E /* GlobalFuncs */,
				7C5B3CA42444B4A00078111E /* Data */,
				7C5B3C9B2444AEE70078111E /* Alert */,
				7C5B3C982444A9140078111E /* Extension */,
				7C2A91522442102A00991AC7 /* Network */,
				7C7DC6852440E03100479A95 /* Model */,
				7C5CA9492440A74100C4EF3F /* AppDel,assets,launch... */,
				7C5CA94B2440AA8600C4EF3F /* ViewController */,
				7C5CA9532440B30E00C4EF3F /* ViewModel */,
				7C5CA94E2440AAF400C4EF3F /* Utilities */,
				7C5CA91F2440A6C600C4EF3F /* Main.storyboard */,
				7C5CA9222440A6C900C4EF3F /* Assets.xcassets */,
				7C5CA9242440A6C900C4EF3F /* LaunchScreen.storyboard */,
				7C5CA9192440A6C600C4EF3F /* AppDelegate.swift */,
				7C5CA9272440A6C900C4EF3F /* Info.plist */,
			);
			path = navusLogin;
			sourceTree = "<group>";
		};
		7C5CA92F2440A6CA00C4EF3F /* navusLoginTests */ = {
			isa = PBXGroup;
			children = (
				7C7DC67C2440DF6600479A95 /* Mock */,
				7C5CA94A2440A9CD00C4EF3F /* LoginViewModelTests */,
				7C5B3C8B244477650078111E /* LoginValidation */,
				7C5CA9302440A6CA00C4EF3F /* navusLoginTests.swift */,
				7C5CA9322440A6CA00C4EF3F /* Info.plist */,
			);
			path = navusLoginTests;
			sourceTree = "<group>";
		};
		7C5CA93A2440A6CA00C4EF3F /* navusLoginUITests */ = {
			isa = PBXGroup;
			children = (
				7C5CA93B2440A6CA00C4EF3F /* navusLoginUITests.swift */,
				7C5CA93D2440A6CA00C4EF3F /* Info.plist */,
			);
			path = navusLoginUITests;
			sourceTree = "<group>";
		};
		7C5CA9492440A74100C4EF3F /* AppDel,assets,launch... */ = {
			isa = PBXGroup;
			children = (
			);
			path = "AppDel,assets,launch...";
			sourceTree = "<group>";
		};
		7C5CA94A2440A9CD00C4EF3F /* LoginViewModelTests */ = {
			isa = PBXGroup;
			children = (
				7C5DCF0B244228D700334169 /* LoginViewModel */,
				7C60C77C2441BA6000F787D4 /* LoginProcessSignalFactory */,
			);
			path = LoginViewModelTests;
			sourceTree = "<group>";
		};
		7C5CA94B2440AA8600C4EF3F /* ViewController */ = {
			isa = PBXGroup;
			children = (
				7C266F342445C426009174C8 /* LoginViewController.storyboard */,
				7C5CA91D2440A6C600C4EF3F /* LoginViewController.swift */,
				7C5CA94C2440AAA400C4EF3F /* LoginViewControllerFactory.swift */,
			);
			path = ViewController;
			sourceTree = "<group>";
		};
		7C5CA94E2440AAF400C4EF3F /* Utilities */ = {
			isa = PBXGroup;
			children = (
				7C5CA94F2440AAFD00C4EF3F /* Storyboarded.swift */,
			);
			path = Utilities;
			sourceTree = "<group>";
		};
		7C5CA9532440B30E00C4EF3F /* ViewModel */ = {
			isa = PBXGroup;
			children = (
				7C5CA9592440B71E00C4EF3F /* ViewModelType.swift */,
				7C5CA9582440B70E00C4EF3F /* LoginViewModel */,
				7C7DC6792440DEFD00479A95 /* LoginValidation */,
			);
			path = ViewModel;
			sourceTree = "<group>";
		};
		7C5CA9582440B70E00C4EF3F /* LoginViewModel */ = {
			isa = PBXGroup;
			children = (
				7C60C7792441BA2300F787D4 /* LoginProcessSignalFactory */,
				7C5CA9542440B46400C4EF3F /* ILoginViewModel.swift */,
				7C5CA9562440B49200C4EF3F /* LoginViewModel.swift */,
				7C5CA95B2440B91800C4EF3F /* LoginViewModel+Input+Output.swift */,
			);
			path = LoginViewModel;
			sourceTree = "<group>";
		};
		7C5DCF0B244228D700334169 /* LoginViewModel */ = {
			isa = PBXGroup;
			children = (
				7C5DCF0C244228FE00334169 /* LoginViewModelTest.swift */,
			);
			path = LoginViewModel;
			sourceTree = "<group>";
		};
		7C60C7792441BA2300F787D4 /* LoginProcessSignalFactory */ = {
			isa = PBXGroup;
			children = (
				7C60C77A2441BA3A00F787D4 /* LoginValidationSignalFactory.swift */,
				7C539F2E2441DE620096DF3F /* LoginRemoteSignalFactory.swift */,
			);
			path = LoginProcessSignalFactory;
			sourceTree = "<group>";
		};
		7C60C77C2441BA6000F787D4 /* LoginProcessSignalFactory */ = {
			isa = PBXGroup;
			children = (
				7C60C77D2441BA6E00F787D4 /* LoginProcessSignalFactoryTest.swift */,
				7C411A4D244215C7009EC1D5 /* LoginRemoteSignalFactoryTest.swift */,
			);
			path = LoginProcessSignalFactory;
			sourceTree = "<group>";
		};
		7C7DC6792440DEFD00479A95 /* LoginValidation */ = {
			isa = PBXGroup;
			children = (
				7C7DC6822440DFCA00479A95 /* Model */,
				7C5B3C812444767D0078111E /* IFieldValidator */,
				7C5B3C88244476F70078111E /* LoginValidator */,
			);
			path = LoginValidation;
			sourceTree = "<group>";
		};
		7C7DC67C2440DF6600479A95 /* Mock */ = {
			isa = PBXGroup;
			children = (
				7C411A4824421453009EC1D5 /* RemoteLoginApi */,
				7C2A914F24420FCA00991AC7 /* RemoteUserSession */,
				7C539F2B2441D9D90096DF3F /* UserInput */,
				7C7DC67D2440DF6D00479A95 /* LoginValidator */,
				7C5B3C8E244477EC0078111E /* FieldValidator */,
			);
			path = Mock;
			sourceTree = "<group>";
		};
		7C7DC67D2440DF6D00479A95 /* LoginValidator */ = {
			isa = PBXGroup;
			children = (
				7C7DC67E2440DF7C00479A95 /* AcceptLoginValidatorMock.swift */,
				7C7DC6802440DFAB00479A95 /* RejectLoginValidatorMock.swift */,
			);
			path = LoginValidator;
			sourceTree = "<group>";
		};
		7C7DC6822440DFCA00479A95 /* Model */ = {
			isa = PBXGroup;
			children = (
				7C7DC68C2440E42400479A95 /* ValidationEnum.swift */,
			);
			path = Model;
			sourceTree = "<group>";
		};
		7C7DC6852440E03100479A95 /* Model */ = {
			isa = PBXGroup;
			children = (
				7C5B3CA92444B51D0078111E /* AlertInfo */,
				7C2A914A2442023300991AC7 /* RemoteUserSession */,
				7C7DC68B2440E07100479A95 /* LoginError */,
				7C7DC6862440E03A00479A95 /* LoginCredentials */,
			);
			path = Model;
			sourceTree = "<group>";
		};
		7C7DC6862440E03A00479A95 /* LoginCredentials */ = {
			isa = PBXGroup;
			children = (
				7C7DC6872440E04300479A95 /* ILoginCredentials.swift */,
				7C7DC6892440E05400479A95 /* LoginCredentials.swift */,
			);
			path = LoginCredentials;
			sourceTree = "<group>";
		};
		7C7DC68B2440E07100479A95 /* LoginError */ = {
			isa = PBXGroup;
			children = (
				7C5B3CA72444B4E90078111E /* MyError.swift */,
				7C7DC68E2440E44D00479A95 /* LoginError.swift */,
				7C7DC6902440E46C00479A95 /* LoginValidationError.swift */,
			);
			path = LoginError;
			sourceTree = "<group>";
		};
		A45B54E816295014BCB5B1F2 /* Frameworks */ = {
			isa = PBXGroup;
			children = (
				B29CFA7079BAB4ABBE9621DC /* Pods_navusLogin.framework */,
				E768777E985B17B5FD65E99A /* Pods_navusLoginTests.framework */,
				B9C6573BB76CBCB75DFA0F66 /* Pods_navusLoginUITests.framework */,
			);
			name = Frameworks;
			sourceTree = "<group>";
		};
/* End PBXGroup section */

/* Begin PBXNativeTarget section */
		7C5CA9152440A6C600C4EF3F /* navusLogin */ = {
			isa = PBXNativeTarget;
			buildConfigurationList = 7C5CA9402440A6CA00C4EF3F /* Build configuration list for PBXNativeTarget "navusLogin" */;
			buildPhases = (
				BDA351B5FAB3F1BC2847A885 /* [CP] Check Pods Manifest.lock */,
				7C5CA9122440A6C600C4EF3F /* Sources */,
				7C5CA9132440A6C600C4EF3F /* Frameworks */,
				7C5CA9142440A6C600C4EF3F /* Resources */,
				74A6213D49BA1E97F2748313 /* [CP] Embed Pods Frameworks */,
			);
			buildRules = (
			);
			dependencies = (
			);
			name = navusLogin;
			productName = navusLogin;
			productReference = 7C5CA9162440A6C600C4EF3F /* navusLogin.app */;
			productType = "com.apple.product-type.application";
		};
		7C5CA92B2440A6CA00C4EF3F /* navusLoginTests */ = {
			isa = PBXNativeTarget;
			buildConfigurationList = 7C5CA9432440A6CA00C4EF3F /* Build configuration list for PBXNativeTarget "navusLoginTests" */;
			buildPhases = (
				2E0CA1BC8D86364B5F2BB73A /* [CP] Check Pods Manifest.lock */,
				7C5CA9282440A6CA00C4EF3F /* Sources */,
				7C5CA9292440A6CA00C4EF3F /* Frameworks */,
				7C5CA92A2440A6CA00C4EF3F /* Resources */,
				7FFADA633FCA73D52A9ED35C /* [CP] Embed Pods Frameworks */,
			);
			buildRules = (
			);
			dependencies = (
				7C5CA92E2440A6CA00C4EF3F /* PBXTargetDependency */,
			);
			name = navusLoginTests;
			productName = navusLoginTests;
			productReference = 7C5CA92C2440A6CA00C4EF3F /* navusLoginTests.xctest */;
			productType = "com.apple.product-type.bundle.unit-test";
		};
		7C5CA9362440A6CA00C4EF3F /* navusLoginUITests */ = {
			isa = PBXNativeTarget;
			buildConfigurationList = 7C5CA9462440A6CA00C4EF3F /* Build configuration list for PBXNativeTarget "navusLoginUITests" */;
			buildPhases = (
				AF7E747E90D22C9E60230C2F /* [CP] Check Pods Manifest.lock */,
				7C5CA9332440A6CA00C4EF3F /* Sources */,
				7C5CA9342440A6CA00C4EF3F /* Frameworks */,
				7C5CA9352440A6CA00C4EF3F /* Resources */,
			);
			buildRules = (
			);
			dependencies = (
				7C5CA9392440A6CA00C4EF3F /* PBXTargetDependency */,
			);
			name = navusLoginUITests;
			productName = navusLoginUITests;
			productReference = 7C5CA9372440A6CA00C4EF3F /* navusLoginUITests.xctest */;
			productType = "com.apple.product-type.bundle.ui-testing";
		};
/* End PBXNativeTarget section */

/* Begin PBXProject section */
		7C5CA90E2440A6C600C4EF3F /* Project object */ = {
			isa = PBXProject;
			attributes = {
				LastSwiftUpdateCheck = 1130;
				LastUpgradeCheck = 1130;
				ORGANIZATIONNAME = "Marko Dimitrijevic";
				TargetAttributes = {
					7C5CA9152440A6C600C4EF3F = {
						CreatedOnToolsVersion = 11.3.1;
					};
					7C5CA92B2440A6CA00C4EF3F = {
						CreatedOnToolsVersion = 11.3.1;
						TestTargetID = 7C5CA9152440A6C600C4EF3F;
					};
					7C5CA9362440A6CA00C4EF3F = {
						CreatedOnToolsVersion = 11.3.1;
						TestTargetID = 7C5CA9152440A6C600C4EF3F;
					};
				};
			};
			buildConfigurationList = 7C5CA9112440A6C600C4EF3F /* Build configuration list for PBXProject "navusLogin" */;
			compatibilityVersion = "Xcode 9.3";
			developmentRegion = en;
			hasScannedForEncodings = 0;
			knownRegions = (
				en,
				Base,
			);
			mainGroup = 7C5CA90D2440A6C600C4EF3F;
			productRefGroup = 7C5CA9172440A6C600C4EF3F /* Products */;
			projectDirPath = "";
			projectRoot = "";
			targets = (
				7C5CA9152440A6C600C4EF3F /* navusLogin */,
				7C5CA92B2440A6CA00C4EF3F /* navusLoginTests */,
				7C5CA9362440A6CA00C4EF3F /* navusLoginUITests */,
			);
		};
/* End PBXProject section */

/* Begin PBXResourcesBuildPhase section */
		7C5CA9142440A6C600C4EF3F /* Resources */ = {
			isa = PBXResourcesBuildPhase;
			buildActionMask = 2147483647;
			files = (
				7C5CA9262440A6C900C4EF3F /* LaunchScreen.storyboard in Resources */,
				7C5B3CB12444BE810078111E /* Localizable.strings in Resources */,
				7C266F352445C426009174C8 /* LoginViewController.storyboard in Resources */,
				7C5CA9232440A6C900C4EF3F /* Assets.xcassets in Resources */,
				7C5CA9212440A6C600C4EF3F /* Main.storyboard in Resources */,
			);
			runOnlyForDeploymentPostprocessing = 0;
		};
		7C5CA92A2440A6CA00C4EF3F /* Resources */ = {
			isa = PBXResourcesBuildPhase;
			buildActionMask = 2147483647;
			files = (
			);
			runOnlyForDeploymentPostprocessing = 0;
		};
		7C5CA9352440A6CA00C4EF3F /* Resources */ = {
			isa = PBXResourcesBuildPhase;
			buildActionMask = 2147483647;
			files = (
			);
			runOnlyForDeploymentPostprocessing = 0;
		};
/* End PBXResourcesBuildPhase section */

/* Begin PBXShellScriptBuildPhase section */
		2E0CA1BC8D86364B5F2BB73A /* [CP] Check Pods Manifest.lock */ = {
			isa = PBXShellScriptBuildPhase;
			buildActionMask = 2147483647;
			files = (
			);
			inputFileListPaths = (
			);
			inputPaths = (
				"${PODS_PODFILE_DIR_PATH}/Podfile.lock",
				"${PODS_ROOT}/Manifest.lock",
			);
			name = "[CP] Check Pods Manifest.lock";
			outputFileListPaths = (
			);
			outputPaths = (
				"$(DERIVED_FILE_DIR)/Pods-navusLoginTests-checkManifestLockResult.txt",
			);
			runOnlyForDeploymentPostprocessing = 0;
			shellPath = /bin/sh;
			shellScript = "diff \"${PODS_PODFILE_DIR_PATH}/Podfile.lock\" \"${PODS_ROOT}/Manifest.lock\" > /dev/null\nif [ $? != 0 ] ; then\n    # print error to STDERR\n    echo \"error: The sandbox is not in sync with the Podfile.lock. Run 'pod install' or update your CocoaPods installation.\" >&2\n    exit 1\nfi\n# This output is used by Xcode 'outputs' to avoid re-running this script phase.\necho \"SUCCESS\" > \"${SCRIPT_OUTPUT_FILE_0}\"\n";
			showEnvVarsInLog = 0;
		};
		74A6213D49BA1E97F2748313 /* [CP] Embed Pods Frameworks */ = {
			isa = PBXShellScriptBuildPhase;
			buildActionMask = 2147483647;
			files = (
			);
			inputFileListPaths = (
			);
			inputPaths = (
				"${PODS_ROOT}/Target Support Files/Pods-navusLogin/Pods-navusLogin-frameworks.sh",
				"${BUILT_PRODUCTS_DIR}/ReachabilitySwift/Reachability.framework",
				"${BUILT_PRODUCTS_DIR}/RxCocoa/RxCocoa.framework",
				"${BUILT_PRODUCTS_DIR}/RxRelay/RxRelay.framework",
				"${BUILT_PRODUCTS_DIR}/RxSwift/RxSwift.framework",
				"${BUILT_PRODUCTS_DIR}/SwiftyJSON/SwiftyJSON.framework",
			);
			name = "[CP] Embed Pods Frameworks";
			outputFileListPaths = (
			);
			outputPaths = (
				"${TARGET_BUILD_DIR}/${FRAMEWORKS_FOLDER_PATH}/Reachability.framework",
				"${TARGET_BUILD_DIR}/${FRAMEWORKS_FOLDER_PATH}/RxCocoa.framework",
				"${TARGET_BUILD_DIR}/${FRAMEWORKS_FOLDER_PATH}/RxRelay.framework",
				"${TARGET_BUILD_DIR}/${FRAMEWORKS_FOLDER_PATH}/RxSwift.framework",
				"${TARGET_BUILD_DIR}/${FRAMEWORKS_FOLDER_PATH}/SwiftyJSON.framework",
			);
			runOnlyForDeploymentPostprocessing = 0;
			shellPath = /bin/sh;
			shellScript = "\"${PODS_ROOT}/Target Support Files/Pods-navusLogin/Pods-navusLogin-frameworks.sh\"\n";
			showEnvVarsInLog = 0;
		};
		7FFADA633FCA73D52A9ED35C /* [CP] Embed Pods Frameworks */ = {
			isa = PBXShellScriptBuildPhase;
			buildActionMask = 2147483647;
			files = (
			);
			inputFileListPaths = (
			);
			inputPaths = (
				"${PODS_ROOT}/Target Support Files/Pods-navusLoginTests/Pods-navusLoginTests-frameworks.sh",
				"${BUILT_PRODUCTS_DIR}/RxSwift/RxSwift.framework",
				"${BUILT_PRODUCTS_DIR}/RxBlocking/RxBlocking.framework",
				"${BUILT_PRODUCTS_DIR}/RxTest/RxTest.framework",
			);
			name = "[CP] Embed Pods Frameworks";
			outputFileListPaths = (
			);
			outputPaths = (
				"${TARGET_BUILD_DIR}/${FRAMEWORKS_FOLDER_PATH}/RxSwift.framework",
				"${TARGET_BUILD_DIR}/${FRAMEWORKS_FOLDER_PATH}/RxBlocking.framework",
				"${TARGET_BUILD_DIR}/${FRAMEWORKS_FOLDER_PATH}/RxTest.framework",
			);
			runOnlyForDeploymentPostprocessing = 0;
			shellPath = /bin/sh;
			shellScript = "\"${PODS_ROOT}/Target Support Files/Pods-navusLoginTests/Pods-navusLoginTests-frameworks.sh\"\n";
			showEnvVarsInLog = 0;
		};
		AF7E747E90D22C9E60230C2F /* [CP] Check Pods Manifest.lock */ = {
			isa = PBXShellScriptBuildPhase;
			buildActionMask = 2147483647;
			files = (
			);
			inputFileListPaths = (
			);
			inputPaths = (
				"${PODS_PODFILE_DIR_PATH}/Podfile.lock",
				"${PODS_ROOT}/Manifest.lock",
			);
			name = "[CP] Check Pods Manifest.lock";
			outputFileListPaths = (
			);
			outputPaths = (
				"$(DERIVED_FILE_DIR)/Pods-navusLoginUITests-checkManifestLockResult.txt",
			);
			runOnlyForDeploymentPostprocessing = 0;
			shellPath = /bin/sh;
			shellScript = "diff \"${PODS_PODFILE_DIR_PATH}/Podfile.lock\" \"${PODS_ROOT}/Manifest.lock\" > /dev/null\nif [ $? != 0 ] ; then\n    # print error to STDERR\n    echo \"error: The sandbox is not in sync with the Podfile.lock. Run 'pod install' or update your CocoaPods installation.\" >&2\n    exit 1\nfi\n# This output is used by Xcode 'outputs' to avoid re-running this script phase.\necho \"SUCCESS\" > \"${SCRIPT_OUTPUT_FILE_0}\"\n";
			showEnvVarsInLog = 0;
		};
		BDA351B5FAB3F1BC2847A885 /* [CP] Check Pods Manifest.lock */ = {
			isa = PBXShellScriptBuildPhase;
			buildActionMask = 2147483647;
			files = (
			);
			inputFileListPaths = (
			);
			inputPaths = (
				"${PODS_PODFILE_DIR_PATH}/Podfile.lock",
				"${PODS_ROOT}/Manifest.lock",
			);
			name = "[CP] Check Pods Manifest.lock";
			outputFileListPaths = (
			);
			outputPaths = (
				"$(DERIVED_FILE_DIR)/Pods-navusLogin-checkManifestLockResult.txt",
			);
			runOnlyForDeploymentPostprocessing = 0;
			shellPath = /bin/sh;
			shellScript = "diff \"${PODS_PODFILE_DIR_PATH}/Podfile.lock\" \"${PODS_ROOT}/Manifest.lock\" > /dev/null\nif [ $? != 0 ] ; then\n    # print error to STDERR\n    echo \"error: The sandbox is not in sync with the Podfile.lock. Run 'pod install' or update your CocoaPods installation.\" >&2\n    exit 1\nfi\n# This output is used by Xcode 'outputs' to avoid re-running this script phase.\necho \"SUCCESS\" > \"${SCRIPT_OUTPUT_FILE_0}\"\n";
			showEnvVarsInLog = 0;
		};
/* End PBXShellScriptBuildPhase section */

/* Begin PBXSourcesBuildPhase section */
		7C5CA9122440A6C600C4EF3F /* Sources */ = {
			isa = PBXSourcesBuildPhase;
			buildActionMask = 2147483647;
			files = (
				7C5B3C9F2444AF070078111E /* DisplayAlertForError.swift in Sources */,
				7C2A91562442105700991AC7 /* ILoginRemoteApi.swift in Sources */,
				7C5CA95C2440B91800C4EF3F /* LoginViewModel+Input+Output.swift in Sources */,
				7C5B3C9D2444AEF40078111E /* IDisplayAlertForError.swift in Sources */,
				7C5B3C85244476BB0078111E /* EmailFieldValidator.swift in Sources */,
				7C5B3CA12444B42B0078111E /* AlertInfoFactory.swift in Sources */,
				7C2A91542442103D00991AC7 /* LoginRemoteApi.swift in Sources */,
				7C5B3C83244476970078111E /* IFieldValidator.swift in Sources */,
				7C7DC68A2440E05400479A95 /* LoginCredentials.swift in Sources */,
				7C60C77B2441BA3A00F787D4 /* LoginValidationSignalFactory.swift in Sources */,
				7C7DC68F2440E44D00479A95 /* LoginError.swift in Sources */,
				7C5B3CA62444B4B10078111E /* ErrorAlertInfoDictionaryFactory.swift in Sources */,
				7C539F2F2441DE620096DF3F /* LoginRemoteSignalFactory.swift in Sources */,
				7C2A914C2442023A00991AC7 /* RemoteUserSession.swift in Sources */,
				7C5B3CAB2444B52A0078111E /* AlertInfo.swift in Sources */,
				7C7DC6882440E04300479A95 /* ILoginCredentials.swift in Sources */,
				7C5CA9552440B46400C4EF3F /* ILoginViewModel.swift in Sources */,
				7C5CA94D2440AAA400C4EF3F /* LoginViewControllerFactory.swift in Sources */,
				7C5B3C9A2444A9260078111E /* UIViewController+Extension.swift in Sources */,
				7C5B3C8A244477050078111E /* LoginValidatorFactory.swift in Sources */,
				7C5CA9572440B49200C4EF3F /* LoginViewModel.swift in Sources */,
				7C5CA91E2440A6C600C4EF3F /* LoginViewController.swift in Sources */,
				7C5CA91A2440A6C600C4EF3F /* AppDelegate.swift in Sources */,
				7C5B3C87244476CB0078111E /* PassFieldValidator.swift in Sources */,
				7C7DC67B2440DF3700479A95 /* LoginValidator.swift in Sources */,
				7C5CA9502440AAFD00C4EF3F /* Storyboarded.swift in Sources */,
				7C5B3CAE2444BB850078111E /* GlobalFuncs.swift in Sources */,
				7C7DC6912440E46C00479A95 /* LoginValidationError.swift in Sources */,
				7C2A914E24420A3F00991AC7 /* IRemoteUserSession.swift in Sources */,
				7C5CA95A2440B71E00C4EF3F /* ViewModelType.swift in Sources */,
				7C7DC68D2440E42400479A95 /* ValidationEnum.swift in Sources */,
				7C5B3CA32444B44B0078111E /* ErrorAlertControllerFactory.swift in Sources */,
				7C5B3CA82444B4E90078111E /* MyError.swift in Sources */,
			);
			runOnlyForDeploymentPostprocessing = 0;
		};
		7C5CA9282440A6CA00C4EF3F /* Sources */ = {
			isa = PBXSourcesBuildPhase;
			buildActionMask = 2147483647;
			files = (
				7C60C77E2441BA6E00F787D4 /* LoginProcessSignalFactoryTest.swift in Sources */,
				7C7DC6812440DFAB00479A95 /* RejectLoginValidatorMock.swift in Sources */,
				7C5B3C9524448DA40078111E /* EmailFieldValidatorTest.swift in Sources */,
				7C7DC67F2440DF7C00479A95 /* AcceptLoginValidatorMock.swift in Sources */,
				7C5B3C8D2444777A0078111E /* LoginValidationTest.swift in Sources */,
				7C539F2D2441D9EC0096DF3F /* EmptyUserInputMock.swift in Sources */,
				7C411A4E244215C7009EC1D5 /* LoginRemoteSignalFactoryTest.swift in Sources */,
				7C411A4C24421470009EC1D5 /* LoginRemoteApiSuccessMock.swift in Sources */,
				7C411A4A24421462009EC1D5 /* LoginRemoteApiErrorMock.swift in Sources */,
				7C5CA9312440A6CA00C4EF3F /* navusLoginTests.swift in Sources */,
				7C5B3C90244478070078111E /* EmailValidatorMock.swift in Sources */,
				7C5B3C9724448F710078111E /* PasswordFieldValidationTest.swift in Sources */,
				7C5B3C92244478D30078111E /* PasswordValidatorMock.swift in Sources */,
				7C5DCF0D244228FE00334169 /* LoginViewModelTest.swift in Sources */,
				7C2A915124420FDB00991AC7 /* RemoteUserSessionMock.swift in Sources */,
			);
			runOnlyForDeploymentPostprocessing = 0;
		};
		7C5CA9332440A6CA00C4EF3F /* Sources */ = {
			isa = PBXSourcesBuildPhase;
			buildActionMask = 2147483647;
			files = (
				7C5CA93C2440A6CA00C4EF3F /* navusLoginUITests.swift in Sources */,
			);
			runOnlyForDeploymentPostprocessing = 0;
		};
/* End PBXSourcesBuildPhase section */

/* Begin PBXTargetDependency section */
		7C5CA92E2440A6CA00C4EF3F /* PBXTargetDependency */ = {
			isa = PBXTargetDependency;
			target = 7C5CA9152440A6C600C4EF3F /* navusLogin */;
			targetProxy = 7C5CA92D2440A6CA00C4EF3F /* PBXContainerItemProxy */;
		};
		7C5CA9392440A6CA00C4EF3F /* PBXTargetDependency */ = {
			isa = PBXTargetDependency;
			target = 7C5CA9152440A6C600C4EF3F /* navusLogin */;
			targetProxy = 7C5CA9382440A6CA00C4EF3F /* PBXContainerItemProxy */;
		};
/* End PBXTargetDependency section */

/* Begin PBXVariantGroup section */
		7C5CA91F2440A6C600C4EF3F /* Main.storyboard */ = {
			isa = PBXVariantGroup;
			children = (
				7C5CA9202440A6C600C4EF3F /* Base */,
			);
			name = Main.storyboard;
			sourceTree = "<group>";
		};
		7C5CA9242440A6C900C4EF3F /* LaunchScreen.storyboard */ = {
			isa = PBXVariantGroup;
			children = (
				7C5CA9252440A6C900C4EF3F /* Base */,
			);
			name = LaunchScreen.storyboard;
			sourceTree = "<group>";
		};
/* End PBXVariantGroup section */

/* Begin XCBuildConfiguration section */
		7C5CA93E2440A6CA00C4EF3F /* Debug */ = {
			isa = XCBuildConfiguration;
			buildSettings = {
				ALWAYS_SEARCH_USER_PATHS = NO;
				CLANG_ANALYZER_NONNULL = YES;
				CLANG_ANALYZER_NUMBER_OBJECT_CONVERSION = YES_AGGRESSIVE;
				CLANG_CXX_LANGUAGE_STANDARD = "gnu++14";
				CLANG_CXX_LIBRARY = "libc++";
				CLANG_ENABLE_MODULES = YES;
				CLANG_ENABLE_OBJC_ARC = YES;
				CLANG_ENABLE_OBJC_WEAK = YES;
				CLANG_WARN_BLOCK_CAPTURE_AUTORELEASING = YES;
				CLANG_WARN_BOOL_CONVERSION = YES;
				CLANG_WARN_COMMA = YES;
				CLANG_WARN_CONSTANT_CONVERSION = YES;
				CLANG_WARN_DEPRECATED_OBJC_IMPLEMENTATIONS = YES;
				CLANG_WARN_DIRECT_OBJC_ISA_USAGE = YES_ERROR;
				CLANG_WARN_DOCUMENTATION_COMMENTS = YES;
				CLANG_WARN_EMPTY_BODY = YES;
				CLANG_WARN_ENUM_CONVERSION = YES;
				CLANG_WARN_INFINITE_RECURSION = YES;
				CLANG_WARN_INT_CONVERSION = YES;
				CLANG_WARN_NON_LITERAL_NULL_CONVERSION = YES;
				CLANG_WARN_OBJC_IMPLICIT_RETAIN_SELF = YES;
				CLANG_WARN_OBJC_LITERAL_CONVERSION = YES;
				CLANG_WARN_OBJC_ROOT_CLASS = YES_ERROR;
				CLANG_WARN_RANGE_LOOP_ANALYSIS = YES;
				CLANG_WARN_STRICT_PROTOTYPES = YES;
				CLANG_WARN_SUSPICIOUS_MOVE = YES;
				CLANG_WARN_UNGUARDED_AVAILABILITY = YES_AGGRESSIVE;
				CLANG_WARN_UNREACHABLE_CODE = YES;
				CLANG_WARN__DUPLICATE_METHOD_MATCH = YES;
				COPY_PHASE_STRIP = NO;
				DEBUG_INFORMATION_FORMAT = dwarf;
				ENABLE_STRICT_OBJC_MSGSEND = YES;
				ENABLE_TESTABILITY = YES;
				GCC_C_LANGUAGE_STANDARD = gnu11;
				GCC_DYNAMIC_NO_PIC = NO;
				GCC_NO_COMMON_BLOCKS = YES;
				GCC_OPTIMIZATION_LEVEL = 0;
				GCC_PREPROCESSOR_DEFINITIONS = (
					"DEBUG=1",
					"$(inherited)",
				);
				GCC_WARN_64_TO_32_BIT_CONVERSION = YES;
				GCC_WARN_ABOUT_RETURN_TYPE = YES_ERROR;
				GCC_WARN_UNDECLARED_SELECTOR = YES;
				GCC_WARN_UNINITIALIZED_AUTOS = YES_AGGRESSIVE;
				GCC_WARN_UNUSED_FUNCTION = YES;
				GCC_WARN_UNUSED_VARIABLE = YES;
				IPHONEOS_DEPLOYMENT_TARGET = 13.2;
				MTL_ENABLE_DEBUG_INFO = INCLUDE_SOURCE;
				MTL_FAST_MATH = YES;
				ONLY_ACTIVE_ARCH = YES;
				SDKROOT = iphoneos;
				SWIFT_ACTIVE_COMPILATION_CONDITIONS = DEBUG;
				SWIFT_OPTIMIZATION_LEVEL = "-Onone";
			};
			name = Debug;
		};
		7C5CA93F2440A6CA00C4EF3F /* Release */ = {
			isa = XCBuildConfiguration;
			buildSettings = {
				ALWAYS_SEARCH_USER_PATHS = NO;
				CLANG_ANALYZER_NONNULL = YES;
				CLANG_ANALYZER_NUMBER_OBJECT_CONVERSION = YES_AGGRESSIVE;
				CLANG_CXX_LANGUAGE_STANDARD = "gnu++14";
				CLANG_CXX_LIBRARY = "libc++";
				CLANG_ENABLE_MODULES = YES;
				CLANG_ENABLE_OBJC_ARC = YES;
				CLANG_ENABLE_OBJC_WEAK = YES;
				CLANG_WARN_BLOCK_CAPTURE_AUTORELEASING = YES;
				CLANG_WARN_BOOL_CONVERSION = YES;
				CLANG_WARN_COMMA = YES;
				CLANG_WARN_CONSTANT_CONVERSION = YES;
				CLANG_WARN_DEPRECATED_OBJC_IMPLEMENTATIONS = YES;
				CLANG_WARN_DIRECT_OBJC_ISA_USAGE = YES_ERROR;
				CLANG_WARN_DOCUMENTATION_COMMENTS = YES;
				CLANG_WARN_EMPTY_BODY = YES;
				CLANG_WARN_ENUM_CONVERSION = YES;
				CLANG_WARN_INFINITE_RECURSION = YES;
				CLANG_WARN_INT_CONVERSION = YES;
				CLANG_WARN_NON_LITERAL_NULL_CONVERSION = YES;
				CLANG_WARN_OBJC_IMPLICIT_RETAIN_SELF = YES;
				CLANG_WARN_OBJC_LITERAL_CONVERSION = YES;
				CLANG_WARN_OBJC_ROOT_CLASS = YES_ERROR;
				CLANG_WARN_RANGE_LOOP_ANALYSIS = YES;
				CLANG_WARN_STRICT_PROTOTYPES = YES;
				CLANG_WARN_SUSPICIOUS_MOVE = YES;
				CLANG_WARN_UNGUARDED_AVAILABILITY = YES_AGGRESSIVE;
				CLANG_WARN_UNREACHABLE_CODE = YES;
				CLANG_WARN__DUPLICATE_METHOD_MATCH = YES;
				COPY_PHASE_STRIP = NO;
				DEBUG_INFORMATION_FORMAT = "dwarf-with-dsym";
				ENABLE_NS_ASSERTIONS = NO;
				ENABLE_STRICT_OBJC_MSGSEND = YES;
				GCC_C_LANGUAGE_STANDARD = gnu11;
				GCC_NO_COMMON_BLOCKS = YES;
				GCC_WARN_64_TO_32_BIT_CONVERSION = YES;
				GCC_WARN_ABOUT_RETURN_TYPE = YES_ERROR;
				GCC_WARN_UNDECLARED_SELECTOR = YES;
				GCC_WARN_UNINITIALIZED_AUTOS = YES_AGGRESSIVE;
				GCC_WARN_UNUSED_FUNCTION = YES;
				GCC_WARN_UNUSED_VARIABLE = YES;
				IPHONEOS_DEPLOYMENT_TARGET = 13.2;
				MTL_ENABLE_DEBUG_INFO = NO;
				MTL_FAST_MATH = YES;
				SDKROOT = iphoneos;
				SWIFT_COMPILATION_MODE = wholemodule;
				SWIFT_OPTIMIZATION_LEVEL = "-O";
				VALIDATE_PRODUCT = YES;
			};
			name = Release;
		};
		7C5CA9412440A6CA00C4EF3F /* Debug */ = {
			isa = XCBuildConfiguration;
			baseConfigurationReference = 7D46FB024EEC415CD0AC158E /* Pods-navusLogin.debug.xcconfig */;
			buildSettings = {
				ASSETCATALOG_COMPILER_APPICON_NAME = AppIcon;
				CODE_SIGN_STYLE = Automatic;
				DEVELOPMENT_TEAM = UJZMY6T4V6;
				INFOPLIST_FILE = navusLogin/Info.plist;
				IPHONEOS_DEPLOYMENT_TARGET = 10.0;
				LD_RUNPATH_SEARCH_PATHS = (
					"$(inherited)",
					"@executable_path/Frameworks",
				);
				PRODUCT_BUNDLE_IDENTIFIER = ch.navus.navusLogin;
				PRODUCT_NAME = "$(TARGET_NAME)";
				SWIFT_VERSION = 5.0;
				TARGETED_DEVICE_FAMILY = "1,2";
			};
			name = Debug;
		};
		7C5CA9422440A6CA00C4EF3F /* Release */ = {
			isa = XCBuildConfiguration;
			baseConfigurationReference = 6C54813BAF68980064F136B3 /* Pods-navusLogin.release.xcconfig */;
			buildSettings = {
				ASSETCATALOG_COMPILER_APPICON_NAME = AppIcon;
				CODE_SIGN_STYLE = Automatic;
				DEVELOPMENT_TEAM = UJZMY6T4V6;
				INFOPLIST_FILE = navusLogin/Info.plist;
				IPHONEOS_DEPLOYMENT_TARGET = 10.0;
				LD_RUNPATH_SEARCH_PATHS = (
					"$(inherited)",
					"@executable_path/Frameworks",
				);
				PRODUCT_BUNDLE_IDENTIFIER = ch.navus.navusLogin;
				PRODUCT_NAME = "$(TARGET_NAME)";
				SWIFT_VERSION = 5.0;
				TARGETED_DEVICE_FAMILY = "1,2";
			};
			name = Release;
		};
		7C5CA9442440A6CA00C4EF3F /* Debug */ = {
			isa = XCBuildConfiguration;
			baseConfigurationReference = E17FA57A7594B50F7E5F6446 /* Pods-navusLoginTests.debug.xcconfig */;
			buildSettings = {
				ALWAYS_EMBED_SWIFT_STANDARD_LIBRARIES = "$(inherited)";
				BUNDLE_LOADER = "$(TEST_HOST)";
				CODE_SIGN_STYLE = Automatic;
				DEVELOPMENT_TEAM = FW5669N54T;
				INFOPLIST_FILE = navusLoginTests/Info.plist;
				IPHONEOS_DEPLOYMENT_TARGET = 13.2;
				LD_RUNPATH_SEARCH_PATHS = (
					"$(inherited)",
					"@executable_path/Frameworks",
					"@loader_path/Frameworks",
				);
				PRODUCT_BUNDLE_IDENTIFIER = ch.navus.navusLoginTests;
				PRODUCT_NAME = "$(TARGET_NAME)";
				SWIFT_VERSION = 5.0;
				TARGETED_DEVICE_FAMILY = "1,2";
				TEST_HOST = "$(BUILT_PRODUCTS_DIR)/navusLogin.app/navusLogin";
			};
			name = Debug;
		};
		7C5CA9452440A6CA00C4EF3F /* Release */ = {
			isa = XCBuildConfiguration;
			baseConfigurationReference = 95B9F6EADE392F944D3A5A62 /* Pods-navusLoginTests.release.xcconfig */;
			buildSettings = {
				ALWAYS_EMBED_SWIFT_STANDARD_LIBRARIES = "$(inherited)";
				BUNDLE_LOADER = "$(TEST_HOST)";
				CODE_SIGN_STYLE = Automatic;
				DEVELOPMENT_TEAM = FW5669N54T;
				INFOPLIST_FILE = navusLoginTests/Info.plist;
				IPHONEOS_DEPLOYMENT_TARGET = 13.2;
				LD_RUNPATH_SEARCH_PATHS = (
					"$(inherited)",
					"@executable_path/Frameworks",
					"@loader_path/Frameworks",
				);
				PRODUCT_BUNDLE_IDENTIFIER = ch.navus.navusLoginTests;
				PRODUCT_NAME = "$(TARGET_NAME)";
				SWIFT_VERSION = 5.0;
				TARGETED_DEVICE_FAMILY = "1,2";
				TEST_HOST = "$(BUILT_PRODUCTS_DIR)/navusLogin.app/navusLogin";
			};
			name = Release;
		};
		7C5CA9472440A6CA00C4EF3F /* Debug */ = {
			isa = XCBuildConfiguration;
			baseConfigurationReference = 3C512994089616A9A27E40BA /* Pods-navusLoginUITests.debug.xcconfig */;
			buildSettings = {
				ALWAYS_EMBED_SWIFT_STANDARD_LIBRARIES = "$(inherited)";
				CODE_SIGN_STYLE = Automatic;
				DEVELOPMENT_TEAM = FW5669N54T;
				INFOPLIST_FILE = navusLoginUITests/Info.plist;
				LD_RUNPATH_SEARCH_PATHS = (
					"$(inherited)",
					"@executable_path/Frameworks",
					"@loader_path/Frameworks",
				);
				PRODUCT_BUNDLE_IDENTIFIER = ch.navus.navusLoginUITests;
				PRODUCT_NAME = "$(TARGET_NAME)";
				SWIFT_VERSION = 5.0;
				TARGETED_DEVICE_FAMILY = "1,2";
				TEST_TARGET_NAME = navusLogin;
			};
			name = Debug;
		};
		7C5CA9482440A6CA00C4EF3F /* Release */ = {
			isa = XCBuildConfiguration;
			baseConfigurationReference = EE70DE51812B9D0BD441E7BB /* Pods-navusLoginUITests.release.xcconfig */;
			buildSettings = {
				ALWAYS_EMBED_SWIFT_STANDARD_LIBRARIES = "$(inherited)";
				CODE_SIGN_STYLE = Automatic;
				DEVELOPMENT_TEAM = FW5669N54T;
				INFOPLIST_FILE = navusLoginUITests/Info.plist;
				LD_RUNPATH_SEARCH_PATHS = (
					"$(inherited)",
					"@executable_path/Frameworks",
					"@loader_path/Frameworks",
				);
				PRODUCT_BUNDLE_IDENTIFIER = ch.navus.navusLoginUITests;
				PRODUCT_NAME = "$(TARGET_NAME)";
				SWIFT_VERSION = 5.0;
				TARGETED_DEVICE_FAMILY = "1,2";
				TEST_TARGET_NAME = navusLogin;
			};
			name = Release;
		};
/* End XCBuildConfiguration section */

/* Begin XCConfigurationList section */
		7C5CA9112440A6C600C4EF3F /* Build configuration list for PBXProject "navusLogin" */ = {
			isa = XCConfigurationList;
			buildConfigurations = (
				7C5CA93E2440A6CA00C4EF3F /* Debug */,
				7C5CA93F2440A6CA00C4EF3F /* Release */,
			);
			defaultConfigurationIsVisible = 0;
			defaultConfigurationName = Release;
		};
		7C5CA9402440A6CA00C4EF3F /* Build configuration list for PBXNativeTarget "navusLogin" */ = {
			isa = XCConfigurationList;
			buildConfigurations = (
				7C5CA9412440A6CA00C4EF3F /* Debug */,
				7C5CA9422440A6CA00C4EF3F /* Release */,
			);
			defaultConfigurationIsVisible = 0;
			defaultConfigurationName = Release;
		};
		7C5CA9432440A6CA00C4EF3F /* Build configuration list for PBXNativeTarget "navusLoginTests" */ = {
			isa = XCConfigurationList;
			buildConfigurations = (
				7C5CA9442440A6CA00C4EF3F /* Debug */,
				7C5CA9452440A6CA00C4EF3F /* Release */,
			);
			defaultConfigurationIsVisible = 0;
			defaultConfigurationName = Release;
		};
		7C5CA9462440A6CA00C4EF3F /* Build configuration list for PBXNativeTarget "navusLoginUITests" */ = {
			isa = XCConfigurationList;
			buildConfigurations = (
				7C5CA9472440A6CA00C4EF3F /* Debug */,
				7C5CA9482440A6CA00C4EF3F /* Release */,
			);
			defaultConfigurationIsVisible = 0;
			defaultConfigurationName = Release;
		};
/* End XCConfigurationList section */
	};
	rootObject = 7C5CA90E2440A6C600C4EF3F /* Project object */;
}
